schema: '2.0'
stages:
  featurize:
    cmd: python src/features.py
    deps:
    - path: data/raw/bearing_cwru
      hash: md5
      md5: df1b5bf10bcaaaa8da5205cc4eb283bd.dir
      size: 493340776
      nfiles: 97
    - path: src/features.py
      hash: md5
      md5: 77d4a8426677c8e627052621f2ed1e28
      size: 2929
    outs:
    - path: data/processed/features.csv
      hash: md5
      md5: 215fffa66dcf1777e7af53b1381e6fe2
      size: 19840
  train:
    cmd: python src/train.py --data data/processed/features.csv --model 
      models/model.pkl
    deps:
    - path: data/processed/features.csv
      hash: md5
      md5: 215fffa66dcf1777e7af53b1381e6fe2
      size: 19840
    - path: src/train.py
      hash: md5
      md5: b9e445c82c22b6039862349db9cc4bd7
      size: 813
    outs:
    - path: models/model.pkl
      hash: md5
      md5: 23af7c6751f7ba8acf27f7246c7a47f9
      size: 48321
